<Solution>
  <Project Path="Odasoft.XBOL.AdminPortal/Odasoft.XBOL.AdminPortal.csproj" />
  <Project Path="Odasoft.XBOL.Business/Odasoft.XBOL.Business.csproj" />
  <Project Path="Odasoft.XBOL.Data/Odasoft.XBOL.Data.csproj" />
  <Project Path="Odasoft.XBOL.Models/Odasoft.XBOL.Models.csproj" />
</Solution>
